// !$*UTF8*$!
{
	archiveVersion = 1;
	classes = {
	};
	objectVersion = 48;
	objects = {

/* Begin PBXBuildFile section */
		3944A2831FBB005300FAB4DC /* shopItem.m in Sources */ = {isa = PBXBuildFile; fileRef = 3944A2811FBB005200FAB4DC /* shopItem.m */; };
		3944A2861FBB090000FAB4DC /* bigItem.m in Sources */ = {isa = PBXBuildFile; fileRef = 3944A2851FBB090000FAB4DC /* bigItem.m */; };
		3944A2891FBB150C00FAB4DC /* laundreeItem.m in Sources */ = {isa = PBXBuildFile; fileRef = 3944A2881FBB150C00FAB4DC /* laundreeItem.m */; };
		3947D4991FB9DD7E0045FFF0 /* AppDelegate.m in Sources */ = {isa = PBXBuildFile; fileRef = 3947D4981FB9DD7E0045FFF0 /* AppDelegate.m */; };
		3947D49F1FB9DD7F0045FFF0 /* Main.storyboard in Resources */ = {isa = PBXBuildFile; fileRef = 3947D49D1FB9DD7F0045FFF0 /* Main.storyboard */; };
		3947D4A11FB9DD800045FFF0 /* Assets.xcassets in Resources */ = {isa = PBXBuildFile; fileRef = 3947D4A01FB9DD800045FFF0 /* Assets.xcassets */; };
		3947D4A41FB9DD800045FFF0 /* LaunchScreen.storyboard in Resources */ = {isa = PBXBuildFile; fileRef = 3947D4A21FB9DD800045FFF0 /* LaunchScreen.storyboard */; };
		3947D4A71FB9DD800045FFF0 /* main.m in Sources */ = {isa = PBXBuildFile; fileRef = 3947D4A61FB9DD800045FFF0 /* main.m */; };
		3947D4B01FB9E75A0045FFF0 /* mainTableViewCell.m in Sources */ = {isa = PBXBuildFile; fileRef = 3947D4AE1FB9E75A0045FFF0 /* mainTableViewCell.m */; };
		3947D4B11FB9E75A0045FFF0 /* mainTableViewCell.xib in Resources */ = {isa = PBXBuildFile; fileRef = 3947D4AF1FB9E75A0045FFF0 /* mainTableViewCell.xib */; };
		3947D4B41FB9E8420045FFF0 /* mainViewController.m in Sources */ = {isa = PBXBuildFile; fileRef = 3947D4B31FB9E8420045FFF0 /* mainViewController.m */; };
		3947D4B71FB9F1850045FFF0 /* addViewController.m in Sources */ = {isa = PBXBuildFile; fileRef = 3947D4B61FB9F1850045FFF0 /* addViewController.m */; };
		3947D4BA1FB9F1A30045FFF0 /* detailViewController.m in Sources */ = {isa = PBXBuildFile; fileRef = 3947D4B91FB9F1A30045FFF0 /* detailViewController.m */; };
		3947D4BE1FB9F55B0045FFF0 /* pic2.png in Resources */ = {isa = PBXBuildFile; fileRef = 3947D4BC1FB9F55B0045FFF0 /* pic2.png */; };
		3947D4BF1FB9F55B0045FFF0 /* pic1.png in Resources */ = {isa = PBXBuildFile; fileRef = 3947D4BD1FB9F55B0045FFF0 /* pic1.png */; };
		3947D4C11FB9FF690045FFF0 /* fontawesome-webfont.ttf in Resources */ = {isa = PBXBuildFile; fileRef = 3947D4C01FB9FF680045FFF0 /* fontawesome-webfont.ttf */; };
		3947D4C51FBA01E40045FFF0 /* detailTableViewCell.m in Sources */ = {isa = PBXBuildFile; fileRef = 3947D4C31FBA01E40045FFF0 /* detailTableViewCell.m */; };
		3947D4C61FBA01E40045FFF0 /* detailTableViewCell.xib in Resources */ = {isa = PBXBuildFile; fileRef = 3947D4C41FBA01E40045FFF0 /* detailTableViewCell.xib */; };
		3947D4CF1FBA0E900045FFF0 /* DataClass.m in Sources */ = {isa = PBXBuildFile; fileRef = 3947D4C91FBA0E8F0045FFF0 /* DataClass.m */; };
/* End PBXBuildFile section */

/* Begin PBXFileReference section */
		3944A2811FBB005200FAB4DC /* shopItem.m */ = {isa = PBXFileReference; fileEncoding = 4; lastKnownFileType = sourcecode.c.objc; path = shopItem.m; sourceTree = "<group>"; };
		3944A2821FBB005200FAB4DC /* shopItem.h */ = {isa = PBXFileReference; fileEncoding = 4; lastKnownFileType = sourcecode.c.h; path = shopItem.h; sourceTree = "<group>"; };
		3944A2841FBB090000FAB4DC /* bigItem.h */ = {isa = PBXFileReference; fileEncoding = 4; lastKnownFileType = sourcecode.c.h; path = bigItem.h; sourceTree = "<group>"; };
		3944A2851FBB090000FAB4DC /* bigItem.m */ = {isa = PBXFileReference; fileEncoding = 4; lastKnownFileType = sourcecode.c.objc; path = bigItem.m; sourceTree = "<group>"; };
		3944A2871FBB150C00FAB4DC /* laundreeItem.h */ = {isa = PBXFileReference; fileEncoding = 4; lastKnownFileType = sourcecode.c.h; path = laundreeItem.h; sourceTree = "<group>"; };
		3944A2881FBB150C00FAB4DC /* laundreeItem.m */ = {isa = PBXFileReference; fileEncoding = 4; lastKnownFileType = sourcecode.c.objc; path = laundreeItem.m; sourceTree = "<group>"; };
		3947D4941FB9DD7E0045FFF0 /* Laundree.app */ = {isa = PBXFileReference; explicitFileType = wrapper.application; includeInIndex = 0; path = Laundree.app; sourceTree = BUILT_PRODUCTS_DIR; };
		3947D4971FB9DD7E0045FFF0 /* AppDelegate.h */ = {isa = PBXFileReference; lastKnownFileType = sourcecode.c.h; path = AppDelegate.h; sourceTree = "<group>"; };
		3947D4981FB9DD7E0045FFF0 /* AppDelegate.m */ = {isa = PBXFileReference; lastKnownFileType = sourcecode.c.objc; path = AppDelegate.m; sourceTree = "<group>"; };
		3947D49E1FB9DD7F0045FFF0 /* Base */ = {isa = PBXFileReference; lastKnownFileType = file.storyboard; name = Base; path = Base.lproj/Main.storyboard; sourceTree = "<group>"; };
		3947D4A01FB9DD800045FFF0 /* Assets.xcassets */ = {isa = PBXFileReference; lastKnownFileType = folder.assetcatalog; path = Assets.xcassets; sourceTree = "<group>"; };
		3947D4A31FB9DD800045FFF0 /* Base */ = {isa = PBXFileReference; lastKnownFileType = file.storyboard; name = Base; path = Base.lproj/LaunchScreen.storyboard; sourceTree = "<group>"; };
		3947D4A51FB9DD800045FFF0 /* Info.plist */ = {isa = PBXFileReference; lastKnownFileType = text.plist.xml; path = Info.plist; sourceTree = "<group>"; };
		3947D4A61FB9DD800045FFF0 /* main.m */ = {isa = PBXFileReference; lastKnownFileType = sourcecode.c.objc; path = main.m; sourceTree = "<group>"; };
		3947D4AD1FB9E75A0045FFF0 /* mainTableViewCell.h */ = {isa = PBXFileReference; lastKnownFileType = sourcecode.c.h; path = mainTableViewCell.h; sourceTree = "<group>"; };
		3947D4AE1FB9E75A0045FFF0 /* mainTableViewCell.m */ = {isa = PBXFileReference; lastKnownFileType = sourcecode.c.objc; path = mainTableViewCell.m; sourceTree = "<group>"; };
		3947D4AF1FB9E75A0045FFF0 /* mainTableViewCell.xib */ = {isa = PBXFileReference; lastKnownFileType = file.xib; path = mainTableViewCell.xib; sourceTree = "<group>"; };
		3947D4B21FB9E8420045FFF0 /* mainViewController.h */ = {isa = PBXFileReference; lastKnownFileType = sourcecode.c.h; path = mainViewController.h; sourceTree = "<group>"; };
		3947D4B31FB9E8420045FFF0 /* mainViewController.m */ = {isa = PBXFileReference; lastKnownFileType = sourcecode.c.objc; path = mainViewController.m; sourceTree = "<group>"; };
		3947D4B51FB9F1850045FFF0 /* addViewController.h */ = {isa = PBXFileReference; lastKnownFileType = sourcecode.c.h; path = addViewController.h; sourceTree = "<group>"; };
		3947D4B61FB9F1850045FFF0 /* addViewController.m */ = {isa = PBXFileReference; lastKnownFileType = sourcecode.c.objc; path = addViewController.m; sourceTree = "<group>"; };
		3947D4B81FB9F1A30045FFF0 /* detailViewController.h */ = {isa = PBXFileReference; lastKnownFileType = sourcecode.c.h; path = detailViewController.h; sourceTree = "<group>"; };
		3947D4B91FB9F1A30045FFF0 /* detailViewController.m */ = {isa = PBXFileReference; lastKnownFileType = sourcecode.c.objc; path = detailViewController.m; sourceTree = "<group>"; };
		3947D4BC1FB9F55B0045FFF0 /* pic2.png */ = {isa = PBXFileReference; lastKnownFileType = image.png; path = pic2.png; sourceTree = "<group>"; };
		3947D4BD1FB9F55B0045FFF0 /* pic1.png */ = {isa = PBXFileReference; lastKnownFileType = image.png; path = pic1.png; sourceTree = "<group>"; };
		3947D4C01FB9FF680045FFF0 /* fontawesome-webfont.ttf */ = {isa = PBXFileReference; lastKnownFileType = file; path = "fontawesome-webfont.ttf"; sourceTree = "<group>"; };
		3947D4C21FBA01E40045FFF0 /* detailTableViewCell.h */ = {isa = PBXFileReference; lastKnownFileType = sourcecode.c.h; path = detailTableViewCell.h; sourceTree = "<group>"; };
		3947D4C31FBA01E40045FFF0 /* detailTableViewCell.m */ = {isa = PBXFileReference; lastKnownFileType = sourcecode.c.objc; path = detailTableViewCell.m; sourceTree = "<group>"; };
		3947D4C41FBA01E40045FFF0 /* detailTableViewCell.xib */ = {isa = PBXFileReference; lastKnownFileType = file.xib; path = detailTableViewCell.xib; sourceTree = "<group>"; };
		3947D4C91FBA0E8F0045FFF0 /* DataClass.m */ = {isa = PBXFileReference; fileEncoding = 4; lastKnownFileType = sourcecode.c.objc; path = DataClass.m; sourceTree = "<group>"; };
		3947D4CA1FBA0E8F0045FFF0 /* DataClass.h */ = {isa = PBXFileReference; fileEncoding = 4; lastKnownFileType = sourcecode.c.h; path = DataClass.h; sourceTree = "<group>"; };
/* End PBXFileReference section */

/* Begin PBXFrameworksBuildPhase section */
		3947D4911FB9DD7E0045FFF0 /* Frameworks */ = {
			isa = PBXFrameworksBuildPhase;
			buildActionMask = 2147483647;
			files = (
			);
			runOnlyForDeploymentPostprocessing = 0;
		};
/* End PBXFrameworksBuildPhase section */

/* Begin PBXGroup section */
		3947D48B1FB9DD7E0045FFF0 = {
			isa = PBXGroup;
			children = (
				39F10E8A1FBC6725003D2DBB /* Fonts */,
				3947D4961FB9DD7E0045FFF0 /* Laundree */,
				3947D4951FB9DD7E0045FFF0 /* Products */,
			);
			sourceTree = "<group>";
		};
		3947D4951FB9DD7E0045FFF0 /* Products */ = {
			isa = PBXGroup;
			children = (
				3947D4941FB9DD7E0045FFF0 /* Laundree.app */,
			);
			name = Products;
			sourceTree = "<group>";
		};
		3947D4961FB9DD7E0045FFF0 /* Laundree */ = {
			isa = PBXGroup;
			children = (
				39F10E861FBC5C95003D2DBB /* Controller */,
				39F10E851FBC5C8E003D2DBB /* View */,
				39F10E871FBC5C9D003D2DBB /* Model */,
				3947D4A01FB9DD800045FFF0 /* Assets.xcassets */,
				3947D4BB1FB9F54A0045FFF0 /* Images */,
				3947D4A51FB9DD800045FFF0 /* Info.plist */,
				3947D4A61FB9DD800045FFF0 /* main.m */,
			);
			path = Laundree;
			sourceTree = "<group>";
		};
		3947D4BB1FB9F54A0045FFF0 /* Images */ = {
			isa = PBXGroup;
			children = (
				3947D4BD1FB9F55B0045FFF0 /* pic1.png */,
				3947D4BC1FB9F55B0045FFF0 /* pic2.png */,
			);
			path = Images;
			sourceTree = "<group>";
		};
		39F10E851FBC5C8E003D2DBB /* View */ = {
			isa = PBXGroup;
			children = (
				39F10E891FBC5D49003D2DBB /* Cells */,
				39F10E881FBC5D3F003D2DBB /* Storyboards */,
			);
			path = View;
			sourceTree = "<group>";
		};
		39F10E861FBC5C95003D2DBB /* Controller */ = {
			isa = PBXGroup;
			children = (
				3947D4971FB9DD7E0045FFF0 /* AppDelegate.h */,
				3947D4981FB9DD7E0045FFF0 /* AppDelegate.m */,
				3947D4B21FB9E8420045FFF0 /* mainViewController.h */,
				3947D4B31FB9E8420045FFF0 /* mainViewController.m */,
				3947D4B51FB9F1850045FFF0 /* addViewController.h */,
				3947D4B61FB9F1850045FFF0 /* addViewController.m */,
				3947D4B81FB9F1A30045FFF0 /* detailViewController.h */,
				3947D4B91FB9F1A30045FFF0 /* detailViewController.m */,
			);
			path = Controller;
			sourceTree = "<group>";
		};
		39F10E871FBC5C9D003D2DBB /* Model */ = {
			isa = PBXGroup;
			children = (
				3944A2871FBB150C00FAB4DC /* laundreeItem.h */,
				3944A2881FBB150C00FAB4DC /* laundreeItem.m */,
				3944A2821FBB005200FAB4DC /* shopItem.h */,
				3944A2811FBB005200FAB4DC /* shopItem.m */,
				3944A2841FBB090000FAB4DC /* bigItem.h */,
				3944A2851FBB090000FAB4DC /* bigItem.m */,
				3947D4CA1FBA0E8F0045FFF0 /* DataClass.h */,
				3947D4C91FBA0E8F0045FFF0 /* DataClass.m */,
			);
			path = Model;
			sourceTree = "<group>";
		};
		39F10E881FBC5D3F003D2DBB /* Storyboards */ = {
			isa = PBXGroup;
			children = (
				3947D49D1FB9DD7F0045FFF0 /* Main.storyboard */,
				3947D4A21FB9DD800045FFF0 /* LaunchScreen.storyboard */,
			);
			path = Storyboards;
			sourceTree = "<group>";
		};
		39F10E891FBC5D49003D2DBB /* Cells */ = {
			isa = PBXGroup;
			children = (
				3947D4AD1FB9E75A0045FFF0 /* mainTableViewCell.h */,
				3947D4AE1FB9E75A0045FFF0 /* mainTableViewCell.m */,
				3947D4AF1FB9E75A0045FFF0 /* mainTableViewCell.xib */,
				3947D4C21FBA01E40045FFF0 /* detailTableViewCell.h */,
				3947D4C31FBA01E40045FFF0 /* detailTableViewCell.m */,
				3947D4C41FBA01E40045FFF0 /* detailTableViewCell.xib */,
			);
			path = Cells;
			sourceTree = "<group>";
		};
		39F10E8A1FBC6725003D2DBB /* Fonts */ = {
			isa = PBXGroup;
			children = (
				3947D4C01FB9FF680045FFF0 /* fontawesome-webfont.ttf */,
			);
			path = Fonts;
			sourceTree = "<group>";
		};
/* End PBXGroup section */

/* Begin PBXNativeTarget section */
		3947D4931FB9DD7E0045FFF0 /* Laundree */ = {
			isa = PBXNativeTarget;
			buildConfigurationList = 3947D4AA1FB9DD800045FFF0 /* Build configuration list for PBXNativeTarget "Laundree" */;
			buildPhases = (
				3947D4901FB9DD7E0045FFF0 /* Sources */,
				3947D4911FB9DD7E0045FFF0 /* Frameworks */,
				3947D4921FB9DD7E0045FFF0 /* Resources */,
			);
			buildRules = (
			);
			dependencies = (
			);
			name = Laundree;
			productName = Laundree;
			productReference = 3947D4941FB9DD7E0045FFF0 /* Laundree.app */;
			productType = "com.apple.product-type.application";
		};
/* End PBXNativeTarget section */

/* Begin PBXProject section */
		3947D48C1FB9DD7E0045FFF0 /* Project object */ = {
			isa = PBXProject;
			attributes = {
				LastUpgradeCheck = 0910;
				ORGANIZATIONNAME = Approcks;
				TargetAttributes = {
					3947D4931FB9DD7E0045FFF0 = {
						CreatedOnToolsVersion = 9.1;
						ProvisioningStyle = Automatic;
					};
				};
			};
			buildConfigurationList = 3947D48F1FB9DD7E0045FFF0 /* Build configuration list for PBXProject "Laundree" */;
			compatibilityVersion = "Xcode 8.0";
			developmentRegion = en;
			hasScannedForEncodings = 0;
			knownRegions = (
				en,
				Base,
			);
			mainGroup = 3947D48B1FB9DD7E0045FFF0;
			productRefGroup = 3947D4951FB9DD7E0045FFF0 /* Products */;
			projectDirPath = "";
			projectRoot = "";
			targets = (
				3947D4931FB9DD7E0045FFF0 /* Laundree */,
			);
		};
/* End PBXProject section */

/* Begin PBXResourcesBuildPhase section */
		3947D4921FB9DD7E0045FFF0 /* Resources */ = {
			isa = PBXResourcesBuildPhase;
			buildActionMask = 2147483647;
			files = (
				3947D4A41FB9DD800045FFF0 /* LaunchScreen.storyboard in Resources */,
				3947D4BE1FB9F55B0045FFF0 /* pic2.png in Resources */,
				3947D4C11FB9FF690045FFF0 /* fontawesome-webfont.ttf in Resources */,
				3947D4BF1FB9F55B0045FFF0 /* pic1.png in Resources */,
				3947D4A11FB9DD800045FFF0 /* Assets.xcassets in Resources */,
				3947D4B11FB9E75A0045FFF0 /* mainTableViewCell.xib in Resources */,
				3947D4C61FBA01E40045FFF0 /* detailTableViewCell.xib in Resources */,
				3947D49F1FB9DD7F0045FFF0 /* Main.storyboard in Resources */,
			);
			runOnlyForDeploymentPostprocessing = 0;
		};
/* End PBXResourcesBuildPhase section */

/* Begin PBXSourcesBuildPhase section */
		3947D4901FB9DD7E0045FFF0 /* Sources */ = {
			isa = PBXSourcesBuildPhase;
			buildActionMask = 2147483647;
			files = (
				3947D4CF1FBA0E900045FFF0 /* DataClass.m in Sources */,
				3947D4B71FB9F1850045FFF0 /* addViewController.m in Sources */,
				3947D4A71FB9DD800045FFF0 /* main.m in Sources */,
				3947D4BA1FB9F1A30045FFF0 /* detailViewController.m in Sources */,
				3944A2891FBB150C00FAB4DC /* laundreeItem.m in Sources */,
				3944A2861FBB090000FAB4DC /* bigItem.m in Sources */,
				3947D4B41FB9E8420045FFF0 /* mainViewController.m in Sources */,
				3947D4B01FB9E75A0045FFF0 /* mainTableViewCell.m in Sources */,
				3947D4C51FBA01E40045FFF0 /* detailTableViewCell.m in Sources */,
				3944A2831FBB005300FAB4DC /* shopItem.m in Sources */,
				3947D4991FB9DD7E0045FFF0 /* AppDelegate.m in Sources */,
			);
			runOnlyForDeploymentPostprocessing = 0;
		};
/* End PBXSourcesBuildPhase section */

/* Begin PBXVariantGroup section */
		3947D49D1FB9DD7F0045FFF0 /* Main.storyboard */ = {
			isa = PBXVariantGroup;
			children = (
				3947D49E1FB9DD7F0045FFF0 /* Base */,
			);
			name = Main.storyboard;
			sourceTree = "<group>";
		};
		3947D4A21FB9DD800045FFF0 /* LaunchScreen.storyboard */ = {
			isa = PBXVariantGroup;
			children = (
				3947D4A31FB9DD800045FFF0 /* Base */,
			);
			name = LaunchScreen.storyboard;
			sourceTree = "<group>";
		};
/* End PBXVariantGroup section */

/* Begin XCBuildConfiguration section */
		3947D4A81FB9DD800045FFF0 /* Debug */ = {
			isa = XCBuildConfiguration;
			buildSettings = {
				ALWAYS_SEARCH_USER_PATHS = NO;
				CLANG_ANALYZER_NONNULL = YES;
				CLANG_ANALYZER_NUMBER_OBJECT_CONVERSION = YES_AGGRESSIVE;
				CLANG_CXX_LANGUAGE_STANDARD = "gnu++14";
				CLANG_CXX_LIBRARY = "libc++";
				CLANG_ENABLE_MODULES = YES;
				CLANG_ENABLE_OBJC_ARC = YES;
				CLANG_WARN_BLOCK_CAPTURE_AUTORELEASING = YES;
				CLANG_WARN_BOOL_CONVERSION = YES;
				CLANG_WARN_COMMA = YES;
				CLANG_WARN_CONSTANT_CONVERSION = YES;
				CLANG_WARN_DIRECT_OBJC_ISA_USAGE = YES_ERROR;
				CLANG_WARN_DOCUMENTATION_COMMENTS = YES;
				CLANG_WARN_EMPTY_BODY = YES;
				CLANG_WARN_ENUM_CONVERSION = YES;
				CLANG_WARN_INFINITE_RECURSION = YES;
				CLANG_WARN_INT_CONVERSION = YES;
				CLANG_WARN_NON_LITERAL_NULL_CONVERSION = YES;
				CLANG_WARN_OBJC_LITERAL_CONVERSION = YES;
				CLANG_WARN_OBJC_ROOT_CLASS = YES_ERROR;
				CLANG_WARN_RANGE_LOOP_ANALYSIS = YES;
				CLANG_WARN_STRICT_PROTOTYPES = YES;
				CLANG_WARN_SUSPICIOUS_MOVE = YES;
				CLANG_WARN_UNGUARDED_AVAILABILITY = YES_AGGRESSIVE;
				CLANG_WARN_UNREACHABLE_CODE = YES;
				CLANG_WARN__DUPLICATE_METHOD_MATCH = YES;
				CODE_SIGN_IDENTITY = "iPhone Developer";
				COPY_PHASE_STRIP = NO;
				DEBUG_INFORMATION_FORMAT = dwarf;
				ENABLE_STRICT_OBJC_MSGSEND = YES;
				ENABLE_TESTABILITY = YES;
				GCC_C_LANGUAGE_STANDARD = gnu11;
				GCC_DYNAMIC_NO_PIC = NO;
				GCC_NO_COMMON_BLOCKS = YES;
				GCC_OPTIMIZATION_LEVEL = 0;
				GCC_PREPROCESSOR_DEFINITIONS = (
					"DEBUG=1",
					"$(inherited)",
				);
				GCC_WARN_64_TO_32_BIT_CONVERSION = YES;
				GCC_WARN_ABOUT_RETURN_TYPE = YES_ERROR;
				GCC_WARN_UNDECLARED_SELECTOR = YES;
				GCC_WARN_UNINITIALIZED_AUTOS = YES_AGGRESSIVE;
				GCC_WARN_UNUSED_FUNCTION = YES;
				GCC_WARN_UNUSED_VARIABLE = YES;
				IPHONEOS_DEPLOYMENT_TARGET = 11.1;
				MTL_ENABLE_DEBUG_INFO = YES;
				ONLY_ACTIVE_ARCH = YES;
				SDKROOT = iphoneos;
			};
			name = Debug;
		};
		3947D4A91FB9DD800045FFF0 /* Release */ = {
			isa = XCBuildConfiguration;
			buildSettings = {
				ALWAYS_SEARCH_USER_PATHS = NO;
				CLANG_ANALYZER_NONNULL = YES;
				CLANG_ANALYZER_NUMBER_OBJECT_CONVERSION = YES_AGGRESSIVE;
				CLANG_CXX_LANGUAGE_STANDARD = "gnu++14";
				CLANG_CXX_LIBRARY = "libc++";
				CLANG_ENABLE_MODULES = YES;
				CLANG_ENABLE_OBJC_ARC = YES;
				CLANG_WARN_BLOCK_CAPTURE_AUTORELEASING = YES;
				CLANG_WARN_BOOL_CONVERSION = YES;
				CLANG_WARN_COMMA = YES;
				CLANG_WARN_CONSTANT_CONVERSION = YES;
				CLANG_WARN_DIRECT_OBJC_ISA_USAGE = YES_ERROR;
				CLANG_WARN_DOCUMENTATION_COMMENTS = YES;
				CLANG_WARN_EMPTY_BODY = YES;
				CLANG_WARN_ENUM_CONVERSION = YES;
				CLANG_WARN_INFINITE_RECURSION = YES;
				CLANG_WARN_INT_CONVERSION = YES;
				CLANG_WARN_NON_LITERAL_NULL_CONVERSION = YES;
				CLANG_WARN_OBJC_LITERAL_CONVERSION = YES;
				CLANG_WARN_OBJC_ROOT_CLASS = YES_ERROR;
				CLANG_WARN_RANGE_LOOP_ANALYSIS = YES;
				CLANG_WARN_STRICT_PROTOTYPES = YES;
				CLANG_WARN_SUSPICIOUS_MOVE = YES;
				CLANG_WARN_UNGUARDED_AVAILABILITY = YES_AGGRESSIVE;
				CLANG_WARN_UNREACHABLE_CODE = YES;
				CLANG_WARN__DUPLICATE_METHOD_MATCH = YES;
				CODE_SIGN_IDENTITY = "iPhone Developer";
				COPY_PHASE_STRIP = NO;
				DEBUG_INFORMATION_FORMAT = "dwarf-with-dsym";
				ENABLE_NS_ASSERTIONS = NO;
				ENABLE_STRICT_OBJC_MSGSEND = YES;
				GCC_C_LANGUAGE_STANDARD = gnu11;
				GCC_NO_COMMON_BLOCKS = YES;
				GCC_WARN_64_TO_32_BIT_CONVERSION = YES;
				GCC_WARN_ABOUT_RETURN_TYPE = YES_ERROR;
				GCC_WARN_UNDECLARED_SELECTOR = YES;
				GCC_WARN_UNINITIALIZED_AUTOS = YES_AGGRESSIVE;
				GCC_WARN_UNUSED_FUNCTION = YES;
				GCC_WARN_UNUSED_VARIABLE = YES;
				IPHONEOS_DEPLOYMENT_TARGET = 11.1;
				MTL_ENABLE_DEBUG_INFO = NO;
				SDKROOT = iphoneos;
				VALIDATE_PRODUCT = YES;
			};
			name = Release;
		};
		3947D4AB1FB9DD800045FFF0 /* Debug */ = {
			isa = XCBuildConfiguration;
			buildSettings = {
				ASSETCATALOG_COMPILER_APPICON_NAME = AppIcon;
				CODE_SIGN_STYLE = Automatic;
				DEVELOPMENT_TEAM = E46WB37LUW;
				GCC_PRECOMPILE_PREFIX_HEADER = NO;
				GCC_PREFIX_HEADER = "";
				INFOPLIST_FILE = Laundree/Info.plist;
				IPHONEOS_DEPLOYMENT_TARGET = 8.0;
				LD_RUNPATH_SEARCH_PATHS = "$(inherited) @executable_path/Frameworks";
				PRODUCT_BUNDLE_IDENTIFIER = com.Approcks.Laundree;
				PRODUCT_NAME = "$(TARGET_NAME)";
				TARGETED_DEVICE_FAMILY = "1,2";
			};
			name = Debug;
		};
		3947D4AC1FB9DD800045FFF0 /* Release */ = {
			isa = XCBuildConfiguration;
			buildSettings = {
				ASSETCATALOG_COMPILER_APPICON_NAME = AppIcon;
				CODE_SIGN_STYLE = Automatic;
				DEVELOPMENT_TEAM = E46WB37LUW;
				GCC_PRECOMPILE_PREFIX_HEADER = NO;
				GCC_PREFIX_HEADER = "";
				INFOPLIST_FILE = Laundree/Info.plist;
				IPHONEOS_DEPLOYMENT_TARGET = 8.0;
				LD_RUNPATH_SEARCH_PATHS = "$(inherited) @executable_path/Frameworks";
				PRODUCT_BUNDLE_IDENTIFIER = com.Approcks.Laundree;
				PRODUCT_NAME = "$(TARGET_NAME)";
				TARGETED_DEVICE_FAMILY = "1,2";
			};
			name = Release;
		};
/* End XCBuildConfiguration section */

/* Begin XCConfigurationList section */
		3947D48F1FB9DD7E0045FFF0 /* Build configuration list for PBXProject "Laundree" */ = {
			isa = XCConfigurationList;
			buildConfigurations = (
				3947D4A81FB9DD800045FFF0 /* Debug */,
				3947D4A91FB9DD800045FFF0 /* Release */,
			);
			defaultConfigurationIsVisible = 0;
			defaultConfigurationName = Release;
		};
		3947D4AA1FB9DD800045FFF0 /* Build configuration list for PBXNativeTarget "Laundree" */ = {
			isa = XCConfigurationList;
			buildConfigurations = (
				3947D4AB1FB9DD800045FFF0 /* Debug */,
				3947D4AC1FB9DD800045FFF0 /* Release */,
			);
			defaultConfigurationIsVisible = 0;
			defaultConfigurationName = Release;
		};
/* End XCConfigurationList section */
	};
	rootObject = 3947D48C1FB9DD7E0045FFF0 /* Project object */;
}
